{
  "version": 4,
  "terraform_version": "0.12.17",
  "serial": 37,
  "lineage": "c7ca1ccc-ef58-4a2f-2a19-379014848dd7",
  "outputs": {},
  "resources": [
    {
      "mode": "managed",
      "type": "aws_instance",
      "name": "example2",
      "provider": "provider.aws",
      "instances": [
        {
          "schema_version": 1,
          "attributes": {
            "ami": "ami-0d5d9d301c853a04a",
            "arn": "arn:aws:ec2:us-east-2:686116000455:instance/i-0f5c7ddeebc7afe4f",
            "associate_public_ip_address": true,
            "availability_zone": "us-east-2a",
            "cpu_core_count": 2,
            "cpu_threads_per_core": 1,
            "credit_specification": [
              {
                "cpu_credits": "standard"
              }
            ],
            "disable_api_termination": false,
            "ebs_block_device": [],
            "ebs_optimized": false,
            "ephemeral_block_device": [],
            "get_password_data": false,
            "host_id": null,
            "iam_instance_profile": "",
            "id": "i-0f5c7ddeebc7afe4f",
            "instance_initiated_shutdown_behavior": null,
            "instance_state": "running",
            "instance_type": "t2.medium",
            "ipv6_address_count": 0,
            "ipv6_addresses": [],
            "key_name": "id_rsa",
            "monitoring": false,
            "network_interface": [],
            "network_interface_id": null,
            "password_data": "",
            "placement_group": "",
            "primary_network_interface_id": "eni-060602442a43fb275",
            "private_dns": "ip-172-31-0-248.us-east-2.compute.internal",
            "private_ip": "172.31.0.248",
            "public_dns": "ec2-18-220-148-235.us-east-2.compute.amazonaws.com",
            "public_ip": "18.220.148.235",
            "root_block_device": [
              {
                "delete_on_termination": true,
                "iops": 100,
                "volume_id": "vol-0948cbe4289542d41",
                "volume_size": 8,
                "volume_type": "gp2"
              }
            ],
            "security_groups": [
              "default"
            ],
            "source_dest_check": true,
            "subnet_id": "subnet-d72921bf",
            "tags": null,
            "tenancy": "default",
            "timeouts": null,
            "user_data": "e91b756fd9bd7f7cc80f8b3faab85db855252bf5",
            "user_data_base64": null,
            "volume_tags": {},
            "vpc_security_group_ids": [
              "sg-6ef2620e"
            ]
          },
          "private": "eyJlMmJmYjczMC1lY2FhLTExZTYtOGY4OC0zNDM2M2JjN2M0YzAiOnsiY3JlYXRlIjo2MDAwMDAwMDAwMDAsImRlbGV0ZSI6MTIwMDAwMDAwMDAwMCwidXBkYXRlIjo2MDAwMDAwMDAwMDB9LCJzY2hlbWFfdmVyc2lvbiI6IjEifQ==",
          "dependencies": [
            "aws_key_pair.deployer"
          ]
        }
      ]
    },
    {
      "mode": "managed",
      "type": "aws_key_pair",
      "name": "deployer",
      "provider": "provider.aws",
      "instances": [
        {
          "schema_version": 1,
          "attributes": {
            "fingerprint": "d7:a1:87:38:d9:ed:43:7c:96:45:bb:de:d7:ef:aa:c0",
            "id": "id_rsa",
            "key_name": "id_rsa",
            "key_name_prefix": null,
            "public_key": "ssh-rsa AAAAB3NzaC1yc2EAAAADAQABAAABAQC3bmuczsdbSps7r9FxdwvzrjlErcmHFSPSePV5jq1AfzPdgeUEpz2fXd7QiWZKooJE+nOpOPVNupUU3iw/alBtexqNlSqhLPiFiGLIVAM0Cs3qV53CamFZvmdzn/32PhxQvGml18RFhiMaxRDvAvcERW9jH29+G6kBmqUigkTYA2IWBFQRrUXmYNQcl45043hwtxWBCYtfp5XBLa3UtcW5CB8dRWCGersHSmCObGsum6w3jeXQlecU7JbolEOrmG5cVqxm7RjTa6TqeRWk1EHysu2iGEP9+mGwyLtF5JDJiU3hnGv+cUaCYm7XSbhnAkVNt1PbzFmZG5lTqv5M02xV ubuntu@ip-10-0-10-232"
          }
        }
      ]
    }
  ]
}
